
Microsoft Visual Studio Solution File, Format Version 12.00
# Visual Studio Version 16
VisualStudioVersion = 16.0.30413.136
MinimumVisualStudioVersion = 10.0.40219.1
Project("{9A19103F-16F7-4668-BE54-9A1E7A4F7556}") = "WafDash", "WafDash\WafDash.csproj", "{7FFCF6BD-7741-44D4-B21E-A42D01769347}"
EndProject
Project("{9A19103F-16F7-4668-BE54-9A1E7A4F7556}") = "ErrorLogReader", "..\ErrorLogReader\ErrorLogReader\ErrorLogReader.csproj", "{50AF8545-FE95-4176-86F1-53C3CC977AE9}"
EndProject
Global
	GlobalSection(SolutionConfigurationPlatforms) = preSolution
		Debug|Any CPU = Debug|Any CPU
		Release|Any CPU = Release|Any CPU
	EndGlobalSection
	GlobalSection(ProjectConfigurationPlatforms) = postSolution
		{7FFCF6BD-7741-44D4-B21E-A42D01769347}.Debug|Any CPU.ActiveCfg = Debug|Any CPU
		{7FFCF6BD-7741-44D4-B21E-A42D01769347}.Debug|Any CPU.Build.0 = Debug|Any CPU
		{7FFCF6BD-7741-44D4-B21E-A42D01769347}.Release|Any CPU.ActiveCfg = Release|Any CPU
		{7FFCF6BD-7741-44D4-B21E-A42D01769347}.Release|Any CPU.Build.0 = Release|Any CPU
		{50AF8545-FE95-4176-86F1-53C3CC977AE9}.Debug|Any CPU.ActiveCfg = Debug|Any CPU
		{50AF8545-FE95-4176-86F1-53C3CC977AE9}.Debug|Any CPU.Build.0 = Debug|Any CPU
		{50AF8545-FE95-4176-86F1-53C3CC977AE9}.Release|Any CPU.ActiveCfg = Release|Any CPU
		{50AF8545-FE95-4176-86F1-53C3CC977AE9}.Release|Any CPU.Build.0 = Release|Any CPU
	EndGlobalSection
	GlobalSection(SolutionProperties) = preSolution
		HideSolutionNode = FALSE
	EndGlobalSection
	GlobalSection(ExtensibilityGlobals) = postSolution
		SolutionGuid = {D776E7A8-E70D-4430-8ED4-81B36EC9AB6F}
	EndGlobalSection
EndGlobal
